
Microsoft Visual Studio Solution File, Format Version 12.00
# Visual Studio Version 16
VisualStudioVersion = 16.0.28803.352
MinimumVisualStudioVersion = 10.0.40219.1
Project("{FAE04EC0-301F-11D3-BF4B-00C04F79EFBC}") = "CodingChallengeLibrary", "CodingChallengeLibrary\CodingChallengeLibrary.csproj", "{1AC35823-930E-4AC3-9C92-889AB9198D89}"
EndProject
Project("{FAE04EC0-301F-11D3-BF4B-00C04F79EFBC}") = "CodingChallengeLibraryTest", "CodingChallengeLibraryTest\CodingChallengeLibraryTest\CodingChallengeLibraryTest.csproj", "{0A16C74C-3708-43B5-9D57-56BB4EED5306}"
EndProject
Global
	GlobalSection(SolutionConfigurationPlatforms) = preSolution
		Debug|Any CPU = Debug|Any CPU
		Release|Any CPU = Release|Any CPU
	EndGlobalSection
	GlobalSection(ProjectConfigurationPlatforms) = postSolution
		{1AC35823-930E-4AC3-9C92-889AB9198D89}.Debug|Any CPU.ActiveCfg = Debug|Any CPU
		{1AC35823-930E-4AC3-9C92-889AB9198D89}.Debug|Any CPU.Build.0 = Debug|Any CPU
		{1AC35823-930E-4AC3-9C92-889AB9198D89}.Release|Any CPU.ActiveCfg = Release|Any CPU
		{1AC35823-930E-4AC3-9C92-889AB9198D89}.Release|Any CPU.Build.0 = Release|Any CPU
		{0A16C74C-3708-43B5-9D57-56BB4EED5306}.Debug|Any CPU.ActiveCfg = Debug|Any CPU
		{0A16C74C-3708-43B5-9D57-56BB4EED5306}.Debug|Any CPU.Build.0 = Debug|Any CPU
		{0A16C74C-3708-43B5-9D57-56BB4EED5306}.Release|Any CPU.ActiveCfg = Release|Any CPU
		{0A16C74C-3708-43B5-9D57-56BB4EED5306}.Release|Any CPU.Build.0 = Release|Any CPU
	EndGlobalSection
	GlobalSection(SolutionProperties) = preSolution
		HideSolutionNode = FALSE
	EndGlobalSection
	GlobalSection(ExtensibilityGlobals) = postSolution
		SolutionGuid = {DBE8AD67-87A7-46C1-8801-5579CE4C9209}
	EndGlobalSection
EndGlobal
